// !$*UTF8*$!
{
	archiveVersion = 1;
	classes = {
	};
	objectVersion = 46;
	objects = {

/* Begin PBXBuildFile section */
		9306D6821E14224100BD202B /* main.cpp in Sources */ = {isa = PBXBuildFile; fileRef = 9306D6811E14224100BD202B /* main.cpp */; };
		9306D68A1E14229200BD202B /* libfreenect2.0.2.0.dylib in Frameworks */ = {isa = PBXBuildFile; fileRef = 9306D6891E14229200BD202B /* libfreenect2.0.2.0.dylib */; };
		9306D68D1E14441100BD202B /* libopencv_core.3.2.0.dylib in Frameworks */ = {isa = PBXBuildFile; fileRef = 9306D68B1E14441100BD202B /* libopencv_core.3.2.0.dylib */; };
		9306D68E1E14441100BD202B /* libopencv_imgproc.3.2.0.dylib in Frameworks */ = {isa = PBXBuildFile; fileRef = 9306D68C1E14441100BD202B /* libopencv_imgproc.3.2.0.dylib */; };
		9306D6911E144DD800BD202B /* findHue.cpp in Sources */ = {isa = PBXBuildFile; fileRef = 9306D6901E144DD800BD202B /* findHue.cpp */; };
		9306D6931E14516A00BD202B /* libopencv_imgcodecs.3.2.0.dylib in Frameworks */ = {isa = PBXBuildFile; fileRef = 9306D6921E14516A00BD202B /* libopencv_imgcodecs.3.2.0.dylib */; };
/* End PBXBuildFile section */

/* Begin PBXCopyFilesBuildPhase section */
		9306D67C1E14224100BD202B /* CopyFiles */ = {
			isa = PBXCopyFilesBuildPhase;
			buildActionMask = 2147483647;
			dstPath = /usr/share/man/man1/;
			dstSubfolderSpec = 0;
			files = (
			);
			runOnlyForDeploymentPostprocessing = 1;
		};
/* End PBXCopyFilesBuildPhase section */

/* Begin PBXFileReference section */
		9306D67E1E14224100BD202B /* vision_serv */ = {isa = PBXFileReference; explicitFileType = "compiled.mach-o.executable"; includeInIndex = 0; path = vision_serv; sourceTree = BUILT_PRODUCTS_DIR; };
		9306D6811E14224100BD202B /* main.cpp */ = {isa = PBXFileReference; lastKnownFileType = sourcecode.cpp.cpp; path = main.cpp; sourceTree = "<group>"; };
		9306D6891E14229200BD202B /* libfreenect2.0.2.0.dylib */ = {isa = PBXFileReference; lastKnownFileType = "compiled.mach-o.dylib"; name = libfreenect2.0.2.0.dylib; path = ../../../../usr/local/lib/libfreenect2.0.2.0.dylib; sourceTree = "<group>"; };
		9306D68B1E14441100BD202B /* libopencv_core.3.2.0.dylib */ = {isa = PBXFileReference; lastKnownFileType = "compiled.mach-o.dylib"; name = libopencv_core.3.2.0.dylib; path = ../../../../usr/local/lib/libopencv_core.3.2.0.dylib; sourceTree = "<group>"; };
		9306D68C1E14441100BD202B /* libopencv_imgproc.3.2.0.dylib */ = {isa = PBXFileReference; lastKnownFileType = "compiled.mach-o.dylib"; name = libopencv_imgproc.3.2.0.dylib; path = ../../../../usr/local/lib/libopencv_imgproc.3.2.0.dylib; sourceTree = "<group>"; };
		9306D68F1E144DD800BD202B /* findHue.h */ = {isa = PBXFileReference; fileEncoding = 4; lastKnownFileType = sourcecode.c.h; path = findHue.h; sourceTree = "<group>"; };
		9306D6901E144DD800BD202B /* findHue.cpp */ = {isa = PBXFileReference; fileEncoding = 4; lastKnownFileType = sourcecode.cpp.cpp; path = findHue.cpp; sourceTree = "<group>"; };
		9306D6921E14516A00BD202B /* libopencv_imgcodecs.3.2.0.dylib */ = {isa = PBXFileReference; lastKnownFileType = "compiled.mach-o.dylib"; name = libopencv_imgcodecs.3.2.0.dylib; path = ../../../../usr/local/lib/libopencv_imgcodecs.3.2.0.dylib; sourceTree = "<group>"; };
/* End PBXFileReference section */

/* Begin PBXFrameworksBuildPhase section */
		9306D67B1E14224100BD202B /* Frameworks */ = {
			isa = PBXFrameworksBuildPhase;
			buildActionMask = 2147483647;
			files = (
				9306D6931E14516A00BD202B /* libopencv_imgcodecs.3.2.0.dylib in Frameworks */,
				9306D68D1E14441100BD202B /* libopencv_core.3.2.0.dylib in Frameworks */,
				9306D68E1E14441100BD202B /* libopencv_imgproc.3.2.0.dylib in Frameworks */,
				9306D68A1E14229200BD202B /* libfreenect2.0.2.0.dylib in Frameworks */,
			);
			runOnlyForDeploymentPostprocessing = 0;
		};
/* End PBXFrameworksBuildPhase section */

/* Begin PBXGroup section */
		9306D6751E14224100BD202B = {
			isa = PBXGroup;
			children = (
				9306D6801E14224100BD202B /* vision_serv */,
				9306D67F1E14224100BD202B /* Products */,
				9306D6881E14229200BD202B /* Frameworks */,
			);
			sourceTree = "<group>";
		};
		9306D67F1E14224100BD202B /* Products */ = {
			isa = PBXGroup;
			children = (
				9306D67E1E14224100BD202B /* vision_serv */,
			);
			name = Products;
			sourceTree = "<group>";
		};
		9306D6801E14224100BD202B /* vision_serv */ = {
			isa = PBXGroup;
			children = (
				9306D68F1E144DD800BD202B /* findHue.h */,
				9306D6901E144DD800BD202B /* findHue.cpp */,
				9306D6811E14224100BD202B /* main.cpp */,
			);
			path = vision_serv;
			sourceTree = "<group>";
		};
		9306D6881E14229200BD202B /* Frameworks */ = {
			isa = PBXGroup;
			children = (
				9306D6921E14516A00BD202B /* libopencv_imgcodecs.3.2.0.dylib */,
				9306D68B1E14441100BD202B /* libopencv_core.3.2.0.dylib */,
				9306D68C1E14441100BD202B /* libopencv_imgproc.3.2.0.dylib */,
				9306D6891E14229200BD202B /* libfreenect2.0.2.0.dylib */,
			);
			name = Frameworks;
			sourceTree = "<group>";
		};
/* End PBXGroup section */

/* Begin PBXNativeTarget section */
		9306D67D1E14224100BD202B /* vision_serv */ = {
			isa = PBXNativeTarget;
			buildConfigurationList = 9306D6851E14224100BD202B /* Build configuration list for PBXNativeTarget "vision_serv" */;
			buildPhases = (
				9306D67A1E14224100BD202B /* Sources */,
				9306D67B1E14224100BD202B /* Frameworks */,
				9306D67C1E14224100BD202B /* CopyFiles */,
			);
			buildRules = (
			);
			dependencies = (
			);
			name = vision_serv;
			productName = vision_serv;
			productReference = 9306D67E1E14224100BD202B /* vision_serv */;
			productType = "com.apple.product-type.tool";
		};
/* End PBXNativeTarget section */

/* Begin PBXProject section */
		9306D6761E14224100BD202B /* Project object */ = {
			isa = PBXProject;
			attributes = {
				LastUpgradeCheck = 0820;
				ORGANIZATIONNAME = FRC4026;
				TargetAttributes = {
					9306D67D1E14224100BD202B = {
						CreatedOnToolsVersion = 8.2.1;
						ProvisioningStyle = Automatic;
					};
				};
			};
			buildConfigurationList = 9306D6791E14224100BD202B /* Build configuration list for PBXProject "vision_serv" */;
			compatibilityVersion = "Xcode 3.2";
			developmentRegion = English;
			hasScannedForEncodings = 0;
			knownRegions = (
				en,
			);
			mainGroup = 9306D6751E14224100BD202B;
			productRefGroup = 9306D67F1E14224100BD202B /* Products */;
			projectDirPath = "";
			projectRoot = "";
			targets = (
				9306D67D1E14224100BD202B /* vision_serv */,
			);
		};
/* End PBXProject section */

/* Begin PBXSourcesBuildPhase section */
		9306D67A1E14224100BD202B /* Sources */ = {
			isa = PBXSourcesBuildPhase;
			buildActionMask = 2147483647;
			files = (
				9306D6821E14224100BD202B /* main.cpp in Sources */,
				9306D6911E144DD800BD202B /* findHue.cpp in Sources */,
			);
			runOnlyForDeploymentPostprocessing = 0;
		};
/* End PBXSourcesBuildPhase section */

/* Begin XCBuildConfiguration section */
		9306D6831E14224100BD202B /* Debug */ = {
			isa = XCBuildConfiguration;
			buildSettings = {
				ALWAYS_SEARCH_USER_PATHS = NO;
				CLANG_ANALYZER_NONNULL = YES;
				CLANG_CXX_LANGUAGE_STANDARD = "gnu++0x";
				CLANG_CXX_LIBRARY = "libc++";
				CLANG_ENABLE_MODULES = YES;
				CLANG_ENABLE_OBJC_ARC = YES;
				CLANG_WARN_BOOL_CONVERSION = YES;
				CLANG_WARN_CONSTANT_CONVERSION = YES;
				CLANG_WARN_DIRECT_OBJC_ISA_USAGE = YES_ERROR;
				CLANG_WARN_DOCUMENTATION_COMMENTS = YES;
				CLANG_WARN_EMPTY_BODY = YES;
				CLANG_WARN_ENUM_CONVERSION = YES;
				CLANG_WARN_INFINITE_RECURSION = YES;
				CLANG_WARN_INT_CONVERSION = YES;
				CLANG_WARN_OBJC_ROOT_CLASS = YES_ERROR;
				CLANG_WARN_SUSPICIOUS_MOVE = YES;
				CLANG_WARN_UNREACHABLE_CODE = YES;
				CLANG_WARN__DUPLICATE_METHOD_MATCH = YES;
				CODE_SIGN_IDENTITY = "-";
				COPY_PHASE_STRIP = NO;
				DEBUG_INFORMATION_FORMAT = dwarf;
				ENABLE_STRICT_OBJC_MSGSEND = YES;
				ENABLE_TESTABILITY = YES;
				GCC_C_LANGUAGE_STANDARD = gnu99;
				GCC_DYNAMIC_NO_PIC = NO;
				GCC_NO_COMMON_BLOCKS = YES;
				GCC_OPTIMIZATION_LEVEL = 0;
				GCC_PREPROCESSOR_DEFINITIONS = (
					"DEBUG=1",
					"$(inherited)",
				);
				GCC_WARN_64_TO_32_BIT_CONVERSION = YES;
				GCC_WARN_ABOUT_RETURN_TYPE = YES_ERROR;
				GCC_WARN_UNDECLARED_SELECTOR = YES;
				GCC_WARN_UNINITIALIZED_AUTOS = YES_AGGRESSIVE;
				GCC_WARN_UNUSED_FUNCTION = YES;
				GCC_WARN_UNUSED_VARIABLE = YES;
				MACOSX_DEPLOYMENT_TARGET = 10.12;
				MTL_ENABLE_DEBUG_INFO = YES;
				ONLY_ACTIVE_ARCH = YES;
				SDKROOT = macosx;
			};
			name = Debug;
		};
		9306D6841E14224100BD202B /* Release */ = {
			isa = XCBuildConfiguration;
			buildSettings = {
				ALWAYS_SEARCH_USER_PATHS = NO;
				CLANG_ANALYZER_NONNULL = YES;
				CLANG_CXX_LANGUAGE_STANDARD = "gnu++0x";
				CLANG_CXX_LIBRARY = "libc++";
				CLANG_ENABLE_MODULES = YES;
				CLANG_ENABLE_OBJC_ARC = YES;
				CLANG_WARN_BOOL_CONVERSION = YES;
				CLANG_WARN_CONSTANT_CONVERSION = YES;
				CLANG_WARN_DIRECT_OBJC_ISA_USAGE = YES_ERROR;
				CLANG_WARN_DOCUMENTATION_COMMENTS = YES;
				CLANG_WARN_EMPTY_BODY = YES;
				CLANG_WARN_ENUM_CONVERSION = YES;
				CLANG_WARN_INFINITE_RECURSION = YES;
				CLANG_WARN_INT_CONVERSION = YES;
				CLANG_WARN_OBJC_ROOT_CLASS = YES_ERROR;
				CLANG_WARN_SUSPICIOUS_MOVE = YES;
				CLANG_WARN_UNREACHABLE_CODE = YES;
				CLANG_WARN__DUPLICATE_METHOD_MATCH = YES;
				CODE_SIGN_IDENTITY = "-";
				COPY_PHASE_STRIP = NO;
				DEBUG_INFORMATION_FORMAT = "dwarf-with-dsym";
				ENABLE_NS_ASSERTIONS = NO;
				ENABLE_STRICT_OBJC_MSGSEND = YES;
				GCC_C_LANGUAGE_STANDARD = gnu99;
				GCC_NO_COMMON_BLOCKS = YES;
				GCC_WARN_64_TO_32_BIT_CONVERSION = YES;
				GCC_WARN_ABOUT_RETURN_TYPE = YES_ERROR;
				GCC_WARN_UNDECLARED_SELECTOR = YES;
				GCC_WARN_UNINITIALIZED_AUTOS = YES_AGGRESSIVE;
				GCC_WARN_UNUSED_FUNCTION = YES;
				GCC_WARN_UNUSED_VARIABLE = YES;
				MACOSX_DEPLOYMENT_TARGET = 10.12;
				MTL_ENABLE_DEBUG_INFO = NO;
				SDKROOT = macosx;
			};
			name = Release;
		};
		9306D6861E14224100BD202B /* Debug */ = {
			isa = XCBuildConfiguration;
			buildSettings = {
				CLANG_WARN_DOCUMENTATION_COMMENTS = NO;
				HEADER_SEARCH_PATHS = /usr/local/include;
				LIBRARY_SEARCH_PATHS = /usr/local/lib;
				PRODUCT_NAME = "$(TARGET_NAME)";
			};
			name = Debug;
		};
		9306D6871E14224100BD202B /* Release */ = {
			isa = XCBuildConfiguration;
			buildSettings = {
				CLANG_WARN_DOCUMENTATION_COMMENTS = NO;
				HEADER_SEARCH_PATHS = /usr/local/include;
				LIBRARY_SEARCH_PATHS = /usr/local/lib;
				PRODUCT_NAME = "$(TARGET_NAME)";
			};
			name = Release;
		};
/* End XCBuildConfiguration section */

/* Begin XCConfigurationList section */
		9306D6791E14224100BD202B /* Build configuration list for PBXProject "vision_serv" */ = {
			isa = XCConfigurationList;
			buildConfigurations = (
				9306D6831E14224100BD202B /* Debug */,
				9306D6841E14224100BD202B /* Release */,
			);
			defaultConfigurationIsVisible = 0;
			defaultConfigurationName = Release;
		};
		9306D6851E14224100BD202B /* Build configuration list for PBXNativeTarget "vision_serv" */ = {
			isa = XCConfigurationList;
			buildConfigurations = (
				9306D6861E14224100BD202B /* Debug */,
				9306D6871E14224100BD202B /* Release */,
			);
			defaultConfigurationIsVisible = 0;
		};
/* End XCConfigurationList section */
	};
	rootObject = 9306D6761E14224100BD202B /* Project object */;
}
